// !$*UTF8*$!
{
	archiveVersion = 1;
	classes = {
	};
	objectVersion = 55;
	objects = {

/* Begin PBXBuildFile section */
		9F3750E926B09AC8004EFF5F /* CGSizeExtension.swift in Sources */ = {isa = PBXBuildFile; fileRef = 9F3750E826B09AC8004EFF5F /* CGSizeExtension.swift */; };
		9F3750EB26B0A09A004EFF5F /* PublisherExtension.swift in Sources */ = {isa = PBXBuildFile; fileRef = 9F3750EA26B0A09A004EFF5F /* PublisherExtension.swift */; };
		9F54229D26A8ADF2004696B1 /* CrushingYourHeadApp.swift in Sources */ = {isa = PBXBuildFile; fileRef = 9F54229C26A8ADF2004696B1 /* CrushingYourHeadApp.swift */; };
		9F54229F26A8ADF2004696B1 /* MainView.swift in Sources */ = {isa = PBXBuildFile; fileRef = 9F54229E26A8ADF2004696B1 /* MainView.swift */; };
		9F5422A126A8ADF3004696B1 /* Assets.xcassets in Resources */ = {isa = PBXBuildFile; fileRef = 9F5422A026A8ADF3004696B1 /* Assets.xcassets */; };
		9F5422A426A8ADF3004696B1 /* Preview Assets.xcassets in Resources */ = {isa = PBXBuildFile; fileRef = 9F5422A326A8ADF3004696B1 /* Preview Assets.xcassets */; };
		9F5422AC26A8AFDB004696B1 /* CameraError.swift in Sources */ = {isa = PBXBuildFile; fileRef = 9F5422AB26A8AFDB004696B1 /* CameraError.swift */; };
		9F5422AE26A8B020004696B1 /* FrameError.swift in Sources */ = {isa = PBXBuildFile; fileRef = 9F5422AD26A8B020004696B1 /* FrameError.swift */; };
		9F5422B026A8B0D7004696B1 /* CameraManager.swift in Sources */ = {isa = PBXBuildFile; fileRef = 9F5422AF26A8B0D7004696B1 /* CameraManager.swift */; };
		9F5422B226A8B16F004696B1 /* FrameManager.swift in Sources */ = {isa = PBXBuildFile; fileRef = 9F5422B126A8B16F004696B1 /* FrameManager.swift */; };
		9F5422B626A8B522004696B1 /* MainViewModel.swift in Sources */ = {isa = PBXBuildFile; fileRef = 9F5422B526A8B522004696B1 /* MainViewModel.swift */; };
		9F5422B926A8B8C6004696B1 /* ErrorView.swift in Sources */ = {isa = PBXBuildFile; fileRef = 9F5422B826A8B8C6004696B1 /* ErrorView.swift */; };
		9F5422BC26A8BBE4004696B1 /* FrameView.swift in Sources */ = {isa = PBXBuildFile; fileRef = 9F5422BB26A8BBE4004696B1 /* FrameView.swift */; };
		9F5422BF26A8BD7F004696B1 /* CGImageExtension.swift in Sources */ = {isa = PBXBuildFile; fileRef = 9F5422BE26A8BD7F004696B1 /* CGImageExtension.swift */; };
		9F86D99B26AB4C6000A0B10C /* HandPoseDetector.swift in Sources */ = {isa = PBXBuildFile; fileRef = 9F86D99A26AB4C6000A0B10C /* HandPoseDetector.swift */; };
		9F86D99D26AB4CB800A0B10C /* VisionProcessor.swift in Sources */ = {isa = PBXBuildFile; fileRef = 9F86D99C26AB4CB800A0B10C /* VisionProcessor.swift */; };
		9F86D9A026AB4E0000A0B10C /* Pinch.swift in Sources */ = {isa = PBXBuildFile; fileRef = 9F86D99F26AB4E0000A0B10C /* Pinch.swift */; };
		9F86D9A226AB549900A0B10C /* PinchView.swift in Sources */ = {isa = PBXBuildFile; fileRef = 9F86D9A126AB549900A0B10C /* PinchView.swift */; };
		9F86D9A426AB554E00A0B10C /* CGPointExtension.swift in Sources */ = {isa = PBXBuildFile; fileRef = 9F86D9A326AB554E00A0B10C /* CGPointExtension.swift */; };
		9F86D9A626AB55E700A0B10C /* CGRectExtension.swift in Sources */ = {isa = PBXBuildFile; fileRef = 9F86D9A526AB55E700A0B10C /* CGRectExtension.swift */; };
		9FE34FE326B08FA000A7491E /* FaceDetector.swift in Sources */ = {isa = PBXBuildFile; fileRef = 9FE34FE226B08FA000A7491E /* FaceDetector.swift */; };
		9FE34FE526B0910600A7491E /* Head.swift in Sources */ = {isa = PBXBuildFile; fileRef = 9FE34FE426B0910600A7491E /* Head.swift */; };
		9FE34FE726B0922600A7491E /* HeadView.swift in Sources */ = {isa = PBXBuildFile; fileRef = 9FE34FE626B0922600A7491E /* HeadView.swift */; };
/* End PBXBuildFile section */

/* Begin PBXFileReference section */
		9F3750E826B09AC8004EFF5F /* CGSizeExtension.swift */ = {isa = PBXFileReference; lastKnownFileType = sourcecode.swift; path = CGSizeExtension.swift; sourceTree = "<group>"; };
		9F3750EA26B0A09A004EFF5F /* PublisherExtension.swift */ = {isa = PBXFileReference; lastKnownFileType = sourcecode.swift; path = PublisherExtension.swift; sourceTree = "<group>"; };
		9F54229926A8ADF2004696B1 /* Crushing Your Head.app */ = {isa = PBXFileReference; explicitFileType = wrapper.application; includeInIndex = 0; path = "Crushing Your Head.app"; sourceTree = BUILT_PRODUCTS_DIR; };
		9F54229C26A8ADF2004696B1 /* CrushingYourHeadApp.swift */ = {isa = PBXFileReference; lastKnownFileType = sourcecode.swift; path = CrushingYourHeadApp.swift; sourceTree = "<group>"; };
		9F54229E26A8ADF2004696B1 /* MainView.swift */ = {isa = PBXFileReference; lastKnownFileType = sourcecode.swift; path = MainView.swift; sourceTree = "<group>"; };
		9F5422A026A8ADF3004696B1 /* Assets.xcassets */ = {isa = PBXFileReference; lastKnownFileType = folder.assetcatalog; path = Assets.xcassets; sourceTree = "<group>"; };
		9F5422A326A8ADF3004696B1 /* Preview Assets.xcassets */ = {isa = PBXFileReference; lastKnownFileType = folder.assetcatalog; path = "Preview Assets.xcassets"; sourceTree = "<group>"; };
		9F5422AB26A8AFDB004696B1 /* CameraError.swift */ = {isa = PBXFileReference; lastKnownFileType = sourcecode.swift; path = CameraError.swift; sourceTree = "<group>"; };
		9F5422AD26A8B020004696B1 /* FrameError.swift */ = {isa = PBXFileReference; lastKnownFileType = sourcecode.swift; path = FrameError.swift; sourceTree = "<group>"; };
		9F5422AF26A8B0D7004696B1 /* CameraManager.swift */ = {isa = PBXFileReference; lastKnownFileType = sourcecode.swift; path = CameraManager.swift; sourceTree = "<group>"; };
		9F5422B126A8B16F004696B1 /* FrameManager.swift */ = {isa = PBXFileReference; lastKnownFileType = sourcecode.swift; path = FrameManager.swift; sourceTree = "<group>"; };
		9F5422B526A8B522004696B1 /* MainViewModel.swift */ = {isa = PBXFileReference; lastKnownFileType = sourcecode.swift; path = MainViewModel.swift; sourceTree = "<group>"; };
		9F5422B826A8B8C6004696B1 /* ErrorView.swift */ = {isa = PBXFileReference; lastKnownFileType = sourcecode.swift; path = ErrorView.swift; sourceTree = "<group>"; };
		9F5422BB26A8BBE4004696B1 /* FrameView.swift */ = {isa = PBXFileReference; lastKnownFileType = sourcecode.swift; path = FrameView.swift; sourceTree = "<group>"; };
		9F5422BE26A8BD7F004696B1 /* CGImageExtension.swift */ = {isa = PBXFileReference; lastKnownFileType = sourcecode.swift; path = CGImageExtension.swift; sourceTree = "<group>"; };
		9F86D99A26AB4C6000A0B10C /* HandPoseDetector.swift */ = {isa = PBXFileReference; lastKnownFileType = sourcecode.swift; path = HandPoseDetector.swift; sourceTree = "<group>"; };
		9F86D99C26AB4CB800A0B10C /* VisionProcessor.swift */ = {isa = PBXFileReference; lastKnownFileType = sourcecode.swift; path = VisionProcessor.swift; sourceTree = "<group>"; };
		9F86D99F26AB4E0000A0B10C /* Pinch.swift */ = {isa = PBXFileReference; lastKnownFileType = sourcecode.swift; path = Pinch.swift; sourceTree = "<group>"; };
		9F86D9A126AB549900A0B10C /* PinchView.swift */ = {isa = PBXFileReference; lastKnownFileType = sourcecode.swift; path = PinchView.swift; sourceTree = "<group>"; };
		9F86D9A326AB554E00A0B10C /* CGPointExtension.swift */ = {isa = PBXFileReference; lastKnownFileType = sourcecode.swift; path = CGPointExtension.swift; sourceTree = "<group>"; };
		9F86D9A526AB55E700A0B10C /* CGRectExtension.swift */ = {isa = PBXFileReference; lastKnownFileType = sourcecode.swift; path = CGRectExtension.swift; sourceTree = "<group>"; };
		9FE34FE226B08FA000A7491E /* FaceDetector.swift */ = {isa = PBXFileReference; lastKnownFileType = sourcecode.swift; path = FaceDetector.swift; sourceTree = "<group>"; };
		9FE34FE426B0910600A7491E /* Head.swift */ = {isa = PBXFileReference; lastKnownFileType = sourcecode.swift; path = Head.swift; sourceTree = "<group>"; };
		9FE34FE626B0922600A7491E /* HeadView.swift */ = {isa = PBXFileReference; lastKnownFileType = sourcecode.swift; path = HeadView.swift; sourceTree = "<group>"; };
/* End PBXFileReference section */

/* Begin PBXFrameworksBuildPhase section */
		9F54229626A8ADF2004696B1 /* Frameworks */ = {
			isa = PBXFrameworksBuildPhase;
			buildActionMask = 2147483647;
			files = (
			);
			runOnlyForDeploymentPostprocessing = 0;
		};
/* End PBXFrameworksBuildPhase section */

/* Begin PBXGroup section */
		9F54229026A8ADF2004696B1 = {
			isa = PBXGroup;
			children = (
				9F54229B26A8ADF2004696B1 /* Crushing Your Head */,
				9F54229A26A8ADF2004696B1 /* Products */,
			);
			sourceTree = "<group>";
		};
		9F54229A26A8ADF2004696B1 /* Products */ = {
			isa = PBXGroup;
			children = (
				9F54229926A8ADF2004696B1 /* Crushing Your Head.app */,
			);
			name = Products;
			sourceTree = "<group>";
		};
		9F54229B26A8ADF2004696B1 /* Crushing Your Head */ = {
			isa = PBXGroup;
			children = (
				9F5422AA26A8AFB5004696B1 /* Camera */,
				9F5422BD26A8BD31004696B1 /* Extensions */,
				9F86D99E26AB4DD300A0B10C /* Model */,
				9F5422B426A8B511004696B1 /* ViewModels */,
				9F5422B326A8B478004696B1 /* Views */,
				9F86D99926A9FE5400A0B10C /* Vision */,
				9F54229C26A8ADF2004696B1 /* CrushingYourHeadApp.swift */,
				9F5422A026A8ADF3004696B1 /* Assets.xcassets */,
				9F5422A226A8ADF3004696B1 /* Preview Content */,
			);
			path = "Crushing Your Head";
			sourceTree = "<group>";
		};
		9F5422A226A8ADF3004696B1 /* Preview Content */ = {
			isa = PBXGroup;
			children = (
				9F5422A326A8ADF3004696B1 /* Preview Assets.xcassets */,
			);
			path = "Preview Content";
			sourceTree = "<group>";
		};
		9F5422AA26A8AFB5004696B1 /* Camera */ = {
			isa = PBXGroup;
			children = (
				9F5422AB26A8AFDB004696B1 /* CameraError.swift */,
				9F5422AF26A8B0D7004696B1 /* CameraManager.swift */,
				9F5422AD26A8B020004696B1 /* FrameError.swift */,
				9F5422B126A8B16F004696B1 /* FrameManager.swift */,
			);
			path = Camera;
			sourceTree = "<group>";
		};
		9F5422B326A8B478004696B1 /* Views */ = {
			isa = PBXGroup;
			children = (
				9F5422B726A8B8BA004696B1 /* Components */,
				9F54229E26A8ADF2004696B1 /* MainView.swift */,
			);
			path = Views;
			sourceTree = "<group>";
		};
		9F5422B426A8B511004696B1 /* ViewModels */ = {
			isa = PBXGroup;
			children = (
				9F5422B526A8B522004696B1 /* MainViewModel.swift */,
			);
			path = ViewModels;
			sourceTree = "<group>";
		};
		9F5422B726A8B8BA004696B1 /* Components */ = {
			isa = PBXGroup;
			children = (
				9F5422B826A8B8C6004696B1 /* ErrorView.swift */,
				9F5422BB26A8BBE4004696B1 /* FrameView.swift */,
				9FE34FE626B0922600A7491E /* HeadView.swift */,
				9F86D9A126AB549900A0B10C /* PinchView.swift */,
			);
			path = Components;
			sourceTree = "<group>";
		};
		9F5422BD26A8BD31004696B1 /* Extensions */ = {
			isa = PBXGroup;
			children = (
				9F5422BE26A8BD7F004696B1 /* CGImageExtension.swift */,
				9F86D9A326AB554E00A0B10C /* CGPointExtension.swift */,
				9F86D9A526AB55E700A0B10C /* CGRectExtension.swift */,
				9F3750E826B09AC8004EFF5F /* CGSizeExtension.swift */,
				9F3750EA26B0A09A004EFF5F /* PublisherExtension.swift */,
			);
			path = Extensions;
			sourceTree = "<group>";
		};
		9F86D99926A9FE5400A0B10C /* Vision */ = {
			isa = PBXGroup;
			children = (
				9FE34FE226B08FA000A7491E /* FaceDetector.swift */,
				9F86D99A26AB4C6000A0B10C /* HandPoseDetector.swift */,
				9F86D99C26AB4CB800A0B10C /* VisionProcessor.swift */,
			);
			path = Vision;
			sourceTree = "<group>";
		};
		9F86D99E26AB4DD300A0B10C /* Model */ = {
			isa = PBXGroup;
			children = (
				9FE34FE426B0910600A7491E /* Head.swift */,
				9F86D99F26AB4E0000A0B10C /* Pinch.swift */,
			);
			path = Model;
			sourceTree = "<group>";
		};
/* End PBXGroup section */

/* Begin PBXNativeTarget section */
		9F54229826A8ADF2004696B1 /* Crushing Your Head */ = {
			isa = PBXNativeTarget;
			buildConfigurationList = 9F5422A726A8ADF3004696B1 /* Build configuration list for PBXNativeTarget "Crushing Your Head" */;
			buildPhases = (
				9F54229526A8ADF2004696B1 /* Sources */,
				9F54229626A8ADF2004696B1 /* Frameworks */,
				9F54229726A8ADF2004696B1 /* Resources */,
			);
			buildRules = (
			);
			dependencies = (
			);
			name = "Crushing Your Head";
			productName = "Crushing Your Head";
			productReference = 9F54229926A8ADF2004696B1 /* Crushing Your Head.app */;
			productType = "com.apple.product-type.application";
		};
/* End PBXNativeTarget section */

/* Begin PBXProject section */
		9F54229126A8ADF2004696B1 /* Project object */ = {
			isa = PBXProject;
			attributes = {
				BuildIndependentTargetsInParallel = 1;
				LastSwiftUpdateCheck = 1300;
				LastUpgradeCheck = 1300;
				TargetAttributes = {
					9F54229826A8ADF2004696B1 = {
						CreatedOnToolsVersion = 13.0;
					};
				};
			};
			buildConfigurationList = 9F54229426A8ADF2004696B1 /* Build configuration list for PBXProject "Crushing Your Head" */;
			compatibilityVersion = "Xcode 13.0";
			developmentRegion = en;
			hasScannedForEncodings = 0;
			knownRegions = (
				en,
				Base,
			);
			mainGroup = 9F54229026A8ADF2004696B1;
			productRefGroup = 9F54229A26A8ADF2004696B1 /* Products */;
			projectDirPath = "";
			projectRoot = "";
			targets = (
				9F54229826A8ADF2004696B1 /* Crushing Your Head */,
			);
		};
/* End PBXProject section */

/* Begin PBXResourcesBuildPhase section */
		9F54229726A8ADF2004696B1 /* Resources */ = {
			isa = PBXResourcesBuildPhase;
			buildActionMask = 2147483647;
			files = (
				9F5422A426A8ADF3004696B1 /* Preview Assets.xcassets in Resources */,
				9F5422A126A8ADF3004696B1 /* Assets.xcassets in Resources */,
			);
			runOnlyForDeploymentPostprocessing = 0;
		};
/* End PBXResourcesBuildPhase section */

/* Begin PBXSourcesBuildPhase section */
		9F54229526A8ADF2004696B1 /* Sources */ = {
			isa = PBXSourcesBuildPhase;
			buildActionMask = 2147483647;
			files = (
				9F5422B626A8B522004696B1 /* MainViewModel.swift in Sources */,
				9F86D9A226AB549900A0B10C /* PinchView.swift in Sources */,
				9F3750E926B09AC8004EFF5F /* CGSizeExtension.swift in Sources */,
				9F86D9A426AB554E00A0B10C /* CGPointExtension.swift in Sources */,
				9F5422BF26A8BD7F004696B1 /* CGImageExtension.swift in Sources */,
				9F5422AE26A8B020004696B1 /* FrameError.swift in Sources */,
				9F86D9A626AB55E700A0B10C /* CGRectExtension.swift in Sources */,
				9F86D99B26AB4C6000A0B10C /* HandPoseDetector.swift in Sources */,
				9FE34FE726B0922600A7491E /* HeadView.swift in Sources */,
				9F5422B226A8B16F004696B1 /* FrameManager.swift in Sources */,
				9F5422BC26A8BBE4004696B1 /* FrameView.swift in Sources */,
				9FE34FE526B0910600A7491E /* Head.swift in Sources */,
				9F54229F26A8ADF2004696B1 /* MainView.swift in Sources */,
				9F3750EB26B0A09A004EFF5F /* PublisherExtension.swift in Sources */,
				9F54229D26A8ADF2004696B1 /* CrushingYourHeadApp.swift in Sources */,
				9F86D99D26AB4CB800A0B10C /* VisionProcessor.swift in Sources */,
				9F5422AC26A8AFDB004696B1 /* CameraError.swift in Sources */,
				9FE34FE326B08FA000A7491E /* FaceDetector.swift in Sources */,
				9F5422B026A8B0D7004696B1 /* CameraManager.swift in Sources */,
				9F5422B926A8B8C6004696B1 /* ErrorView.swift in Sources */,
				9F86D9A026AB4E0000A0B10C /* Pinch.swift in Sources */,
			);
			runOnlyForDeploymentPostprocessing = 0;
		};
/* End PBXSourcesBuildPhase section */

/* Begin XCBuildConfiguration section */
		9F5422A526A8ADF3004696B1 /* Debug */ = {
			isa = XCBuildConfiguration;
			buildSettings = {
				ALWAYS_SEARCH_USER_PATHS = NO;
				CLANG_ANALYZER_NONNULL = YES;
				CLANG_ANALYZER_NUMBER_OBJECT_CONVERSION = YES_AGGRESSIVE;
				CLANG_CXX_LANGUAGE_STANDARD = "gnu++17";
				CLANG_CXX_LIBRARY = "libc++";
				CLANG_ENABLE_MODULES = YES;
				CLANG_ENABLE_OBJC_ARC = YES;
				CLANG_ENABLE_OBJC_WEAK = YES;
				CLANG_WARN_BLOCK_CAPTURE_AUTORELEASING = YES;
				CLANG_WARN_BOOL_CONVERSION = YES;
				CLANG_WARN_COMMA = YES;
				CLANG_WARN_CONSTANT_CONVERSION = YES;
				CLANG_WARN_DEPRECATED_OBJC_IMPLEMENTATIONS = YES;
				CLANG_WARN_DIRECT_OBJC_ISA_USAGE = YES_ERROR;
				CLANG_WARN_DOCUMENTATION_COMMENTS = YES;
				CLANG_WARN_EMPTY_BODY = YES;
				CLANG_WARN_ENUM_CONVERSION = YES;
				CLANG_WARN_INFINITE_RECURSION = YES;
				CLANG_WARN_INT_CONVERSION = YES;
				CLANG_WARN_NON_LITERAL_NULL_CONVERSION = YES;
				CLANG_WARN_OBJC_IMPLICIT_RETAIN_SELF = YES;
				CLANG_WARN_OBJC_LITERAL_CONVERSION = YES;
				CLANG_WARN_OBJC_ROOT_CLASS = YES_ERROR;
				CLANG_WARN_QUOTED_INCLUDE_IN_FRAMEWORK_HEADER = YES;
				CLANG_WARN_RANGE_LOOP_ANALYSIS = YES;
				CLANG_WARN_STRICT_PROTOTYPES = YES;
				CLANG_WARN_SUSPICIOUS_MOVE = YES;
				CLANG_WARN_UNGUARDED_AVAILABILITY = YES_AGGRESSIVE;
				CLANG_WARN_UNREACHABLE_CODE = YES;
				CLANG_WARN__DUPLICATE_METHOD_MATCH = YES;
				COPY_PHASE_STRIP = NO;
				DEBUG_INFORMATION_FORMAT = dwarf;
				ENABLE_STRICT_OBJC_MSGSEND = YES;
				ENABLE_TESTABILITY = YES;
				GCC_C_LANGUAGE_STANDARD = gnu11;
				GCC_DYNAMIC_NO_PIC = NO;
				GCC_NO_COMMON_BLOCKS = YES;
				GCC_OPTIMIZATION_LEVEL = 0;
				GCC_PREPROCESSOR_DEFINITIONS = (
					"DEBUG=1",
					"$(inherited)",
				);
				GCC_WARN_64_TO_32_BIT_CONVERSION = YES;
				GCC_WARN_ABOUT_RETURN_TYPE = YES_ERROR;
				GCC_WARN_UNDECLARED_SELECTOR = YES;
				GCC_WARN_UNINITIALIZED_AUTOS = YES_AGGRESSIVE;
				GCC_WARN_UNUSED_FUNCTION = YES;
				GCC_WARN_UNUSED_VARIABLE = YES;
				IPHONEOS_DEPLOYMENT_TARGET = 15.0;
				MTL_ENABLE_DEBUG_INFO = INCLUDE_SOURCE;
				MTL_FAST_MATH = YES;
				ONLY_ACTIVE_ARCH = YES;
				SDKROOT = iphoneos;
				SWIFT_ACTIVE_COMPILATION_CONDITIONS = DEBUG;
				SWIFT_OPTIMIZATION_LEVEL = "-Onone";
			};
			name = Debug;
		};
		9F5422A626A8ADF3004696B1 /* Release */ = {
			isa = XCBuildConfiguration;
			buildSettings = {
				ALWAYS_SEARCH_USER_PATHS = NO;
				CLANG_ANALYZER_NONNULL = YES;
				CLANG_ANALYZER_NUMBER_OBJECT_CONVERSION = YES_AGGRESSIVE;
				CLANG_CXX_LANGUAGE_STANDARD = "gnu++17";
				CLANG_CXX_LIBRARY = "libc++";
				CLANG_ENABLE_MODULES = YES;
				CLANG_ENABLE_OBJC_ARC = YES;
				CLANG_ENABLE_OBJC_WEAK = YES;
				CLANG_WARN_BLOCK_CAPTURE_AUTORELEASING = YES;
				CLANG_WARN_BOOL_CONVERSION = YES;
				CLANG_WARN_COMMA = YES;
				CLANG_WARN_CONSTANT_CONVERSION = YES;
				CLANG_WARN_DEPRECATED_OBJC_IMPLEMENTATIONS = YES;
				CLANG_WARN_DIRECT_OBJC_ISA_USAGE = YES_ERROR;
				CLANG_WARN_DOCUMENTATION_COMMENTS = YES;
				CLANG_WARN_EMPTY_BODY = YES;
				CLANG_WARN_ENUM_CONVERSION = YES;
				CLANG_WARN_INFINITE_RECURSION = YES;
				CLANG_WARN_INT_CONVERSION = YES;
				CLANG_WARN_NON_LITERAL_NULL_CONVERSION = YES;
				CLANG_WARN_OBJC_IMPLICIT_RETAIN_SELF = YES;
				CLANG_WARN_OBJC_LITERAL_CONVERSION = YES;
				CLANG_WARN_OBJC_ROOT_CLASS = YES_ERROR;
				CLANG_WARN_QUOTED_INCLUDE_IN_FRAMEWORK_HEADER = YES;
				CLANG_WARN_RANGE_LOOP_ANALYSIS = YES;
				CLANG_WARN_STRICT_PROTOTYPES = YES;
				CLANG_WARN_SUSPICIOUS_MOVE = YES;
				CLANG_WARN_UNGUARDED_AVAILABILITY = YES_AGGRESSIVE;
				CLANG_WARN_UNREACHABLE_CODE = YES;
				CLANG_WARN__DUPLICATE_METHOD_MATCH = YES;
				COPY_PHASE_STRIP = NO;
				DEBUG_INFORMATION_FORMAT = "dwarf-with-dsym";
				ENABLE_NS_ASSERTIONS = NO;
				ENABLE_STRICT_OBJC_MSGSEND = YES;
				GCC_C_LANGUAGE_STANDARD = gnu11;
				GCC_NO_COMMON_BLOCKS = YES;
				GCC_WARN_64_TO_32_BIT_CONVERSION = YES;
				GCC_WARN_ABOUT_RETURN_TYPE = YES_ERROR;
				GCC_WARN_UNDECLARED_SELECTOR = YES;
				GCC_WARN_UNINITIALIZED_AUTOS = YES_AGGRESSIVE;
				GCC_WARN_UNUSED_FUNCTION = YES;
				GCC_WARN_UNUSED_VARIABLE = YES;
				IPHONEOS_DEPLOYMENT_TARGET = 15.0;
				MTL_ENABLE_DEBUG_INFO = NO;
				MTL_FAST_MATH = YES;
				SDKROOT = iphoneos;
				SWIFT_COMPILATION_MODE = wholemodule;
				SWIFT_OPTIMIZATION_LEVEL = "-O";
				VALIDATE_PRODUCT = YES;
			};
			name = Release;
		};
		9F5422A826A8ADF3004696B1 /* Debug */ = {
			isa = XCBuildConfiguration;
			buildSettings = {
				ASSETCATALOG_COMPILER_APPICON_NAME = AppIcon;
				ASSETCATALOG_COMPILER_GLOBAL_ACCENT_COLOR_NAME = AccentColor;
				CODE_SIGN_STYLE = Automatic;
				CURRENT_PROJECT_VERSION = 1;
				DEVELOPMENT_ASSET_PATHS = "\"Crushing Your Head/Preview Content\"";
				DEVELOPMENT_TEAM = "";
				ENABLE_PREVIEWS = YES;
				GENERATE_INFOPLIST_FILE = YES;
				INFOPLIST_FILE = "";
				INFOPLIST_KEY_NSCameraUsageDescription = "Since this game is AR-based, it needs access to the camera to function.";
				INFOPLIST_KEY_UIApplicationSceneManifest_Generation = YES;
				INFOPLIST_KEY_UIApplicationSupportsIndirectInputEvents = YES;
				INFOPLIST_KEY_UILaunchScreen_Generation = YES;
				INFOPLIST_KEY_UISupportedInterfaceOrientations_iPad = "UIInterfaceOrientationPortrait UIInterfaceOrientationPortraitUpsideDown UIInterfaceOrientationLandscapeLeft UIInterfaceOrientationLandscapeRight";
				INFOPLIST_KEY_UISupportedInterfaceOrientations_iPhone = "UIInterfaceOrientationPortrait UIInterfaceOrientationLandscapeLeft UIInterfaceOrientationLandscapeRight";
				IPHONEOS_DEPLOYMENT_TARGET = 14.0;
				LD_RUNPATH_SEARCH_PATHS = (
					"$(inherited)",
					"@executable_path/Frameworks",
				);
				MARKETING_VERSION = 1.0;
				PRODUCT_BUNDLE_IDENTIFIER = "com.toojuice.Crushing-Your-Head";
				PRODUCT_NAME = "$(TARGET_NAME)";
				SWIFT_EMIT_LOC_STRINGS = YES;
				SWIFT_VERSION = 5.0;
				TARGETED_DEVICE_FAMILY = "1,2";
			};
			name = Debug;
		};
		9F5422A926A8ADF3004696B1 /* Release */ = {
			isa = XCBuildConfiguration;
			buildSettings = {
				ASSETCATALOG_COMPILER_APPICON_NAME = AppIcon;
				ASSETCATALOG_COMPILER_GLOBAL_ACCENT_COLOR_NAME = AccentColor;
				CODE_SIGN_STYLE = Automatic;
				CURRENT_PROJECT_VERSION = 1;
				DEVELOPMENT_ASSET_PATHS = "\"Crushing Your Head/Preview Content\"";
				DEVELOPMENT_TEAM = "";
				ENABLE_PREVIEWS = YES;
				GENERATE_INFOPLIST_FILE = YES;
				INFOPLIST_FILE = "";
				INFOPLIST_KEY_NSCameraUsageDescription = "Since this game is AR-based, it needs access to the camera to function.";
				INFOPLIST_KEY_UIApplicationSceneManifest_Generation = YES;
				INFOPLIST_KEY_UIApplicationSupportsIndirectInputEvents = YES;
				INFOPLIST_KEY_UILaunchScreen_Generation = YES;
				INFOPLIST_KEY_UISupportedInterfaceOrientations_iPad = "UIInterfaceOrientationPortrait UIInterfaceOrientationPortraitUpsideDown UIInterfaceOrientationLandscapeLeft UIInterfaceOrientationLandscapeRight";
				INFOPLIST_KEY_UISupportedInterfaceOrientations_iPhone = "UIInterfaceOrientationPortrait UIInterfaceOrientationLandscapeLeft UIInterfaceOrientationLandscapeRight";
				IPHONEOS_DEPLOYMENT_TARGET = 14.0;
				LD_RUNPATH_SEARCH_PATHS = (
					"$(inherited)",
					"@executable_path/Frameworks",
				);
				MARKETING_VERSION = 1.0;
				PRODUCT_BUNDLE_IDENTIFIER = "com.toojuice.Crushing-Your-Head";
				PRODUCT_NAME = "$(TARGET_NAME)";
				SWIFT_EMIT_LOC_STRINGS = YES;
				SWIFT_VERSION = 5.0;
				TARGETED_DEVICE_FAMILY = "1,2";
			};
			name = Release;
		};
/* End XCBuildConfiguration section */

/* Begin XCConfigurationList section */
		9F54229426A8ADF2004696B1 /* Build configuration list for PBXProject "Crushing Your Head" */ = {
			isa = XCConfigurationList;
			buildConfigurations = (
				9F5422A526A8ADF3004696B1 /* Debug */,
				9F5422A626A8ADF3004696B1 /* Release */,
			);
			defaultConfigurationIsVisible = 0;
			defaultConfigurationName = Release;
		};
		9F5422A726A8ADF3004696B1 /* Build configuration list for PBXNativeTarget "Crushing Your Head" */ = {
			isa = XCConfigurationList;
			buildConfigurations = (
				9F5422A826A8ADF3004696B1 /* Debug */,
				9F5422A926A8ADF3004696B1 /* Release */,
			);
			defaultConfigurationIsVisible = 0;
			defaultConfigurationName = Release;
		};
/* End XCConfigurationList section */
	};
	rootObject = 9F54229126A8ADF2004696B1 /* Project object */;
}
