// !$*UTF8*$!
{
	archiveVersion = 1;
	classes = {
	};
	objectVersion = 55;
	objects = {

/* Begin PBXBuildFile section */
		9F54229D26A8ADF2004696B1 /* CrushingYourHeadApp.swift in Sources */ = {isa = PBXBuildFile; fileRef = 9F54229C26A8ADF2004696B1 /* CrushingYourHeadApp.swift */; };
		9F54229F26A8ADF2004696B1 /* ContentView.swift in Sources */ = {isa = PBXBuildFile; fileRef = 9F54229E26A8ADF2004696B1 /* ContentView.swift */; };
		9F5422A126A8ADF3004696B1 /* Assets.xcassets in Resources */ = {isa = PBXBuildFile; fileRef = 9F5422A026A8ADF3004696B1 /* Assets.xcassets */; };
		9F5422A426A8ADF3004696B1 /* Preview Assets.xcassets in Resources */ = {isa = PBXBuildFile; fileRef = 9F5422A326A8ADF3004696B1 /* Preview Assets.xcassets */; };
		9F5422AC26A8AFDB004696B1 /* CameraError.swift in Sources */ = {isa = PBXBuildFile; fileRef = 9F5422AB26A8AFDB004696B1 /* CameraError.swift */; };
		9F5422AE26A8B020004696B1 /* FrameError.swift in Sources */ = {isa = PBXBuildFile; fileRef = 9F5422AD26A8B020004696B1 /* FrameError.swift */; };
		9F5422B026A8B0D7004696B1 /* CameraManager.swift in Sources */ = {isa = PBXBuildFile; fileRef = 9F5422AF26A8B0D7004696B1 /* CameraManager.swift */; };
		9F5422B226A8B16F004696B1 /* FrameManager.swift in Sources */ = {isa = PBXBuildFile; fileRef = 9F5422B126A8B16F004696B1 /* FrameManager.swift */; };
/* End PBXBuildFile section */

/* Begin PBXFileReference section */
		9F54229926A8ADF2004696B1 /* Crushing Your Head.app */ = {isa = PBXFileReference; explicitFileType = wrapper.application; includeInIndex = 0; path = "Crushing Your Head.app"; sourceTree = BUILT_PRODUCTS_DIR; };
		9F54229C26A8ADF2004696B1 /* CrushingYourHeadApp.swift */ = {isa = PBXFileReference; lastKnownFileType = sourcecode.swift; path = CrushingYourHeadApp.swift; sourceTree = "<group>"; };
		9F54229E26A8ADF2004696B1 /* ContentView.swift */ = {isa = PBXFileReference; lastKnownFileType = sourcecode.swift; path = ContentView.swift; sourceTree = "<group>"; };
		9F5422A026A8ADF3004696B1 /* Assets.xcassets */ = {isa = PBXFileReference; lastKnownFileType = folder.assetcatalog; path = Assets.xcassets; sourceTree = "<group>"; };
		9F5422A326A8ADF3004696B1 /* Preview Assets.xcassets */ = {isa = PBXFileReference; lastKnownFileType = folder.assetcatalog; path = "Preview Assets.xcassets"; sourceTree = "<group>"; };
		9F5422AB26A8AFDB004696B1 /* CameraError.swift */ = {isa = PBXFileReference; lastKnownFileType = sourcecode.swift; path = CameraError.swift; sourceTree = "<group>"; };
		9F5422AD26A8B020004696B1 /* FrameError.swift */ = {isa = PBXFileReference; lastKnownFileType = sourcecode.swift; path = FrameError.swift; sourceTree = "<group>"; };
		9F5422AF26A8B0D7004696B1 /* CameraManager.swift */ = {isa = PBXFileReference; lastKnownFileType = sourcecode.swift; path = CameraManager.swift; sourceTree = "<group>"; };
		9F5422B126A8B16F004696B1 /* FrameManager.swift */ = {isa = PBXFileReference; lastKnownFileType = sourcecode.swift; path = FrameManager.swift; sourceTree = "<group>"; };
/* End PBXFileReference section */

/* Begin PBXFrameworksBuildPhase section */
		9F54229626A8ADF2004696B1 /* Frameworks */ = {
			isa = PBXFrameworksBuildPhase;
			buildActionMask = 2147483647;
			files = (
			);
			runOnlyForDeploymentPostprocessing = 0;
		};
/* End PBXFrameworksBuildPhase section */

/* Begin PBXGroup section */
		9F54229026A8ADF2004696B1 = {
			isa = PBXGroup;
			children = (
				9F54229B26A8ADF2004696B1 /* Crushing Your Head */,
				9F54229A26A8ADF2004696B1 /* Products */,
			);
			sourceTree = "<group>";
		};
		9F54229A26A8ADF2004696B1 /* Products */ = {
			isa = PBXGroup;
			children = (
				9F54229926A8ADF2004696B1 /* Crushing Your Head.app */,
			);
			name = Products;
			sourceTree = "<group>";
		};
		9F54229B26A8ADF2004696B1 /* Crushing Your Head */ = {
			isa = PBXGroup;
			children = (
				9F5422AA26A8AFB5004696B1 /* Camera */,
				9F54229C26A8ADF2004696B1 /* CrushingYourHeadApp.swift */,
				9F54229E26A8ADF2004696B1 /* ContentView.swift */,
				9F5422A026A8ADF3004696B1 /* Assets.xcassets */,
				9F5422A226A8ADF3004696B1 /* Preview Content */,
			);
			path = "Crushing Your Head";
			sourceTree = "<group>";
		};
		9F5422A226A8ADF3004696B1 /* Preview Content */ = {
			isa = PBXGroup;
			children = (
				9F5422A326A8ADF3004696B1 /* Preview Assets.xcassets */,
			);
			path = "Preview Content";
			sourceTree = "<group>";
		};
		9F5422AA26A8AFB5004696B1 /* Camera */ = {
			isa = PBXGroup;
			children = (
				9F5422AB26A8AFDB004696B1 /* CameraError.swift */,
				9F5422AF26A8B0D7004696B1 /* CameraManager.swift */,
				9F5422AD26A8B020004696B1 /* FrameError.swift */,
				9F5422B126A8B16F004696B1 /* FrameManager.swift */,
			);
			path = Camera;
			sourceTree = "<group>";
		};
/* End PBXGroup section */

/* Begin PBXNativeTarget section */
		9F54229826A8ADF2004696B1 /* Crushing Your Head */ = {
			isa = PBXNativeTarget;
			buildConfigurationList = 9F5422A726A8ADF3004696B1 /* Build configuration list for PBXNativeTarget "Crushing Your Head" */;
			buildPhases = (
				9F54229526A8ADF2004696B1 /* Sources */,
				9F54229626A8ADF2004696B1 /* Frameworks */,
				9F54229726A8ADF2004696B1 /* Resources */,
			);
			buildRules = (
			);
			dependencies = (
			);
			name = "Crushing Your Head";
			productName = "Crushing Your Head";
			productReference = 9F54229926A8ADF2004696B1 /* Crushing Your Head.app */;
			productType = "com.apple.product-type.application";
		};
/* End PBXNativeTarget section */

/* Begin PBXProject section */
		9F54229126A8ADF2004696B1 /* Project object */ = {
			isa = PBXProject;
			attributes = {
				BuildIndependentTargetsInParallel = 1;
				LastSwiftUpdateCheck = 1300;
				LastUpgradeCheck = 1300;
				TargetAttributes = {
					9F54229826A8ADF2004696B1 = {
						CreatedOnToolsVersion = 13.0;
					};
				};
			};
			buildConfigurationList = 9F54229426A8ADF2004696B1 /* Build configuration list for PBXProject "Crushing Your Head" */;
			compatibilityVersion = "Xcode 13.0";
			developmentRegion = en;
			hasScannedForEncodings = 0;
			knownRegions = (
				en,
				Base,
			);
			mainGroup = 9F54229026A8ADF2004696B1;
			productRefGroup = 9F54229A26A8ADF2004696B1 /* Products */;
			projectDirPath = "";
			projectRoot = "";
			targets = (
				9F54229826A8ADF2004696B1 /* Crushing Your Head */,
			);
		};
/* End PBXProject section */

/* Begin PBXResourcesBuildPhase section */
		9F54229726A8ADF2004696B1 /* Resources */ = {
			isa = PBXResourcesBuildPhase;
			buildActionMask = 2147483647;
			files = (
				9F5422A426A8ADF3004696B1 /* Preview Assets.xcassets in Resources */,
				9F5422A126A8ADF3004696B1 /* Assets.xcassets in Resources */,
			);
			runOnlyForDeploymentPostprocessing = 0;
		};
/* End PBXResourcesBuildPhase section */

/* Begin PBXSourcesBuildPhase section */
		9F54229526A8ADF2004696B1 /* Sources */ = {
			isa = PBXSourcesBuildPhase;
			buildActionMask = 2147483647;
			files = (
				9F5422AE26A8B020004696B1 /* FrameError.swift in Sources */,
				9F5422B226A8B16F004696B1 /* FrameManager.swift in Sources */,
				9F54229F26A8ADF2004696B1 /* ContentView.swift in Sources */,
				9F54229D26A8ADF2004696B1 /* CrushingYourHeadApp.swift in Sources */,
				9F5422AC26A8AFDB004696B1 /* CameraError.swift in Sources */,
				9F5422B026A8B0D7004696B1 /* CameraManager.swift in Sources */,
			);
			runOnlyForDeploymentPostprocessing = 0;
		};
/* End PBXSourcesBuildPhase section */

/* Begin XCBuildConfiguration section */
		9F5422A526A8ADF3004696B1 /* Debug */ = {
			isa = XCBuildConfiguration;
			buildSettings = {
				ALWAYS_SEARCH_USER_PATHS = NO;
				CLANG_ANALYZER_NONNULL = YES;
				CLANG_ANALYZER_NUMBER_OBJECT_CONVERSION = YES_AGGRESSIVE;
				CLANG_CXX_LANGUAGE_STANDARD = "gnu++17";
				CLANG_CXX_LIBRARY = "libc++";
				CLANG_ENABLE_MODULES = YES;
				CLANG_ENABLE_OBJC_ARC = YES;
				CLANG_ENABLE_OBJC_WEAK = YES;
				CLANG_WARN_BLOCK_CAPTURE_AUTORELEASING = YES;
				CLANG_WARN_BOOL_CONVERSION = YES;
				CLANG_WARN_COMMA = YES;
				CLANG_WARN_CONSTANT_CONVERSION = YES;
				CLANG_WARN_DEPRECATED_OBJC_IMPLEMENTATIONS = YES;
				CLANG_WARN_DIRECT_OBJC_ISA_USAGE = YES_ERROR;
				CLANG_WARN_DOCUMENTATION_COMMENTS = YES;
				CLANG_WARN_EMPTY_BODY = YES;
				CLANG_WARN_ENUM_CONVERSION = YES;
				CLANG_WARN_INFINITE_RECURSION = YES;
				CLANG_WARN_INT_CONVERSION = YES;
				CLANG_WARN_NON_LITERAL_NULL_CONVERSION = YES;
				CLANG_WARN_OBJC_IMPLICIT_RETAIN_SELF = YES;
				CLANG_WARN_OBJC_LITERAL_CONVERSION = YES;
				CLANG_WARN_OBJC_ROOT_CLASS = YES_ERROR;
				CLANG_WARN_QUOTED_INCLUDE_IN_FRAMEWORK_HEADER = YES;
				CLANG_WARN_RANGE_LOOP_ANALYSIS = YES;
				CLANG_WARN_STRICT_PROTOTYPES = YES;
				CLANG_WARN_SUSPICIOUS_MOVE = YES;
				CLANG_WARN_UNGUARDED_AVAILABILITY = YES_AGGRESSIVE;
				CLANG_WARN_UNREACHABLE_CODE = YES;
				CLANG_WARN__DUPLICATE_METHOD_MATCH = YES;
				COPY_PHASE_STRIP = NO;
				DEBUG_INFORMATION_FORMAT = dwarf;
				ENABLE_STRICT_OBJC_MSGSEND = YES;
				ENABLE_TESTABILITY = YES;
				GCC_C_LANGUAGE_STANDARD = gnu11;
				GCC_DYNAMIC_NO_PIC = NO;
				GCC_NO_COMMON_BLOCKS = YES;
				GCC_OPTIMIZATION_LEVEL = 0;
				GCC_PREPROCESSOR_DEFINITIONS = (
					"DEBUG=1",
					"$(inherited)",
				);
				GCC_WARN_64_TO_32_BIT_CONVERSION = YES;
				GCC_WARN_ABOUT_RETURN_TYPE = YES_ERROR;
				GCC_WARN_UNDECLARED_SELECTOR = YES;
				GCC_WARN_UNINITIALIZED_AUTOS = YES_AGGRESSIVE;
				GCC_WARN_UNUSED_FUNCTION = YES;
				GCC_WARN_UNUSED_VARIABLE = YES;
				IPHONEOS_DEPLOYMENT_TARGET = 15.0;
				MTL_ENABLE_DEBUG_INFO = INCLUDE_SOURCE;
				MTL_FAST_MATH = YES;
				ONLY_ACTIVE_ARCH = YES;
				SDKROOT = iphoneos;
				SWIFT_ACTIVE_COMPILATION_CONDITIONS = DEBUG;
				SWIFT_OPTIMIZATION_LEVEL = "-Onone";
			};
			name = Debug;
		};
		9F5422A626A8ADF3004696B1 /* Release */ = {
			isa = XCBuildConfiguration;
			buildSettings = {
				ALWAYS_SEARCH_USER_PATHS = NO;
				CLANG_ANALYZER_NONNULL = YES;
				CLANG_ANALYZER_NUMBER_OBJECT_CONVERSION = YES_AGGRESSIVE;
				CLANG_CXX_LANGUAGE_STANDARD = "gnu++17";
				CLANG_CXX_LIBRARY = "libc++";
				CLANG_ENABLE_MODULES = YES;
				CLANG_ENABLE_OBJC_ARC = YES;
				CLANG_ENABLE_OBJC_WEAK = YES;
				CLANG_WARN_BLOCK_CAPTURE_AUTORELEASING = YES;
				CLANG_WARN_BOOL_CONVERSION = YES;
				CLANG_WARN_COMMA = YES;
				CLANG_WARN_CONSTANT_CONVERSION = YES;
				CLANG_WARN_DEPRECATED_OBJC_IMPLEMENTATIONS = YES;
				CLANG_WARN_DIRECT_OBJC_ISA_USAGE = YES_ERROR;
				CLANG_WARN_DOCUMENTATION_COMMENTS = YES;
				CLANG_WARN_EMPTY_BODY = YES;
				CLANG_WARN_ENUM_CONVERSION = YES;
				CLANG_WARN_INFINITE_RECURSION = YES;
				CLANG_WARN_INT_CONVERSION = YES;
				CLANG_WARN_NON_LITERAL_NULL_CONVERSION = YES;
				CLANG_WARN_OBJC_IMPLICIT_RETAIN_SELF = YES;
				CLANG_WARN_OBJC_LITERAL_CONVERSION = YES;
				CLANG_WARN_OBJC_ROOT_CLASS = YES_ERROR;
				CLANG_WARN_QUOTED_INCLUDE_IN_FRAMEWORK_HEADER = YES;
				CLANG_WARN_RANGE_LOOP_ANALYSIS = YES;
				CLANG_WARN_STRICT_PROTOTYPES = YES;
				CLANG_WARN_SUSPICIOUS_MOVE = YES;
				CLANG_WARN_UNGUARDED_AVAILABILITY = YES_AGGRESSIVE;
				CLANG_WARN_UNREACHABLE_CODE = YES;
				CLANG_WARN__DUPLICATE_METHOD_MATCH = YES;
				COPY_PHASE_STRIP = NO;
				DEBUG_INFORMATION_FORMAT = "dwarf-with-dsym";
				ENABLE_NS_ASSERTIONS = NO;
				ENABLE_STRICT_OBJC_MSGSEND = YES;
				GCC_C_LANGUAGE_STANDARD = gnu11;
				GCC_NO_COMMON_BLOCKS = YES;
				GCC_WARN_64_TO_32_BIT_CONVERSION = YES;
				GCC_WARN_ABOUT_RETURN_TYPE = YES_ERROR;
				GCC_WARN_UNDECLARED_SELECTOR = YES;
				GCC_WARN_UNINITIALIZED_AUTOS = YES_AGGRESSIVE;
				GCC_WARN_UNUSED_FUNCTION = YES;
				GCC_WARN_UNUSED_VARIABLE = YES;
				IPHONEOS_DEPLOYMENT_TARGET = 15.0;
				MTL_ENABLE_DEBUG_INFO = NO;
				MTL_FAST_MATH = YES;
				SDKROOT = iphoneos;
				SWIFT_COMPILATION_MODE = wholemodule;
				SWIFT_OPTIMIZATION_LEVEL = "-O";
				VALIDATE_PRODUCT = YES;
			};
			name = Release;
		};
		9F5422A826A8ADF3004696B1 /* Debug */ = {
			isa = XCBuildConfiguration;
			buildSettings = {
				ASSETCATALOG_COMPILER_APPICON_NAME = AppIcon;
				ASSETCATALOG_COMPILER_GLOBAL_ACCENT_COLOR_NAME = AccentColor;
				CODE_SIGN_STYLE = Automatic;
				CURRENT_PROJECT_VERSION = 1;
				DEVELOPMENT_ASSET_PATHS = "\"Crushing Your Head/Preview Content\"";
				DEVELOPMENT_TEAM = "";
				ENABLE_PREVIEWS = YES;
				GENERATE_INFOPLIST_FILE = YES;
				INFOPLIST_KEY_UIApplicationSceneManifest_Generation = YES;
				INFOPLIST_KEY_UIApplicationSupportsIndirectInputEvents = YES;
				INFOPLIST_KEY_UILaunchScreen_Generation = YES;
				INFOPLIST_KEY_UISupportedInterfaceOrientations_iPad = "UIInterfaceOrientationPortrait UIInterfaceOrientationPortraitUpsideDown UIInterfaceOrientationLandscapeLeft UIInterfaceOrientationLandscapeRight";
				INFOPLIST_KEY_UISupportedInterfaceOrientations_iPhone = "UIInterfaceOrientationPortrait UIInterfaceOrientationLandscapeLeft UIInterfaceOrientationLandscapeRight";
				IPHONEOS_DEPLOYMENT_TARGET = 14.0;
				LD_RUNPATH_SEARCH_PATHS = (
					"$(inherited)",
					"@executable_path/Frameworks",
				);
				MARKETING_VERSION = 1.0;
				PRODUCT_BUNDLE_IDENTIFIER = "com.toojuice.Crushing-Your-Head";
				PRODUCT_NAME = "$(TARGET_NAME)";
				SWIFT_EMIT_LOC_STRINGS = YES;
				SWIFT_VERSION = 5.0;
				TARGETED_DEVICE_FAMILY = "1,2";
			};
			name = Debug;
		};
		9F5422A926A8ADF3004696B1 /* Release */ = {
			isa = XCBuildConfiguration;
			buildSettings = {
				ASSETCATALOG_COMPILER_APPICON_NAME = AppIcon;
				ASSETCATALOG_COMPILER_GLOBAL_ACCENT_COLOR_NAME = AccentColor;
				CODE_SIGN_STYLE = Automatic;
				CURRENT_PROJECT_VERSION = 1;
				DEVELOPMENT_ASSET_PATHS = "\"Crushing Your Head/Preview Content\"";
				DEVELOPMENT_TEAM = "";
				ENABLE_PREVIEWS = YES;
				GENERATE_INFOPLIST_FILE = YES;
				INFOPLIST_KEY_UIApplicationSceneManifest_Generation = YES;
				INFOPLIST_KEY_UIApplicationSupportsIndirectInputEvents = YES;
				INFOPLIST_KEY_UILaunchScreen_Generation = YES;
				INFOPLIST_KEY_UISupportedInterfaceOrientations_iPad = "UIInterfaceOrientationPortrait UIInterfaceOrientationPortraitUpsideDown UIInterfaceOrientationLandscapeLeft UIInterfaceOrientationLandscapeRight";
				INFOPLIST_KEY_UISupportedInterfaceOrientations_iPhone = "UIInterfaceOrientationPortrait UIInterfaceOrientationLandscapeLeft UIInterfaceOrientationLandscapeRight";
				IPHONEOS_DEPLOYMENT_TARGET = 14.0;
				LD_RUNPATH_SEARCH_PATHS = (
					"$(inherited)",
					"@executable_path/Frameworks",
				);
				MARKETING_VERSION = 1.0;
				PRODUCT_BUNDLE_IDENTIFIER = "com.toojuice.Crushing-Your-Head";
				PRODUCT_NAME = "$(TARGET_NAME)";
				SWIFT_EMIT_LOC_STRINGS = YES;
				SWIFT_VERSION = 5.0;
				TARGETED_DEVICE_FAMILY = "1,2";
			};
			name = Release;
		};
/* End XCBuildConfiguration section */

/* Begin XCConfigurationList section */
		9F54229426A8ADF2004696B1 /* Build configuration list for PBXProject "Crushing Your Head" */ = {
			isa = XCConfigurationList;
			buildConfigurations = (
				9F5422A526A8ADF3004696B1 /* Debug */,
				9F5422A626A8ADF3004696B1 /* Release */,
			);
			defaultConfigurationIsVisible = 0;
			defaultConfigurationName = Release;
		};
		9F5422A726A8ADF3004696B1 /* Build configuration list for PBXNativeTarget "Crushing Your Head" */ = {
			isa = XCConfigurationList;
			buildConfigurations = (
				9F5422A826A8ADF3004696B1 /* Debug */,
				9F5422A926A8ADF3004696B1 /* Release */,
			);
			defaultConfigurationIsVisible = 0;
			defaultConfigurationName = Release;
		};
/* End XCConfigurationList section */
	};
	rootObject = 9F54229126A8ADF2004696B1 /* Project object */;
}
